
Microsoft Visual Studio Solution File, Format Version 12.00
# Visual Studio 15
VisualStudioVersion = 15.0.26228.10
MinimumVisualStudioVersion = 10.0.40219.1
Project("{9A19103F-16F7-4668-BE54-9A1E7A4F7556}") = "Loader", "Loader\Loader.csproj", "{CAB039FC-FD7B-4819-8FE1-9016E442D66E}"
EndProject
Project("{9A19103F-16F7-4668-BE54-9A1E7A4F7556}") = "StartManager", "StartManager\StartManager.csproj", "{7C0455AE-FE75-42D8-9A07-763855A83E30}"
EndProject
Project("{9A19103F-16F7-4668-BE54-9A1E7A4F7556}") = "StartNode", "StartNode\StartNode.csproj", "{1984F747-ADB3-4C8C-8020-C7D9AB16CD9D}"
EndProject
Project("{9A19103F-16F7-4668-BE54-9A1E7A4F7556}") = "SubmitJob", "SubmitJob\SubmitJob.csproj", "{B8703E0C-B97A-44C5-8631-23F3F6939342}"
EndProject
Project("{9A19103F-16F7-4668-BE54-9A1E7A4F7556}") = "Examples", "Examples\Examples.csproj", "{DFD30F06-6DBB-4A0E-A4B5-E47B8CF24BC1}"
EndProject
Project("{9A19103F-16F7-4668-BE54-9A1E7A4F7556}") = "DEFLib", "DEFLib\DEFLib.csproj", "{8F55D4AC-9ACC-45BB-9C86-D78133445704}"
EndProject
Global
	GlobalSection(SolutionConfigurationPlatforms) = preSolution
		Debug|Any CPU = Debug|Any CPU
		Release|Any CPU = Release|Any CPU
	EndGlobalSection
	GlobalSection(ProjectConfigurationPlatforms) = postSolution
		{CAB039FC-FD7B-4819-8FE1-9016E442D66E}.Debug|Any CPU.ActiveCfg = Debug|Any CPU
		{CAB039FC-FD7B-4819-8FE1-9016E442D66E}.Debug|Any CPU.Build.0 = Debug|Any CPU
		{CAB039FC-FD7B-4819-8FE1-9016E442D66E}.Release|Any CPU.ActiveCfg = Release|Any CPU
		{CAB039FC-FD7B-4819-8FE1-9016E442D66E}.Release|Any CPU.Build.0 = Release|Any CPU
		{7C0455AE-FE75-42D8-9A07-763855A83E30}.Debug|Any CPU.ActiveCfg = Debug|Any CPU
		{7C0455AE-FE75-42D8-9A07-763855A83E30}.Debug|Any CPU.Build.0 = Debug|Any CPU
		{7C0455AE-FE75-42D8-9A07-763855A83E30}.Release|Any CPU.ActiveCfg = Release|Any CPU
		{7C0455AE-FE75-42D8-9A07-763855A83E30}.Release|Any CPU.Build.0 = Release|Any CPU
		{1984F747-ADB3-4C8C-8020-C7D9AB16CD9D}.Debug|Any CPU.ActiveCfg = Debug|Any CPU
		{1984F747-ADB3-4C8C-8020-C7D9AB16CD9D}.Debug|Any CPU.Build.0 = Debug|Any CPU
		{1984F747-ADB3-4C8C-8020-C7D9AB16CD9D}.Release|Any CPU.ActiveCfg = Release|Any CPU
		{1984F747-ADB3-4C8C-8020-C7D9AB16CD9D}.Release|Any CPU.Build.0 = Release|Any CPU
		{B8703E0C-B97A-44C5-8631-23F3F6939342}.Debug|Any CPU.ActiveCfg = Debug|Any CPU
		{B8703E0C-B97A-44C5-8631-23F3F6939342}.Debug|Any CPU.Build.0 = Debug|Any CPU
		{B8703E0C-B97A-44C5-8631-23F3F6939342}.Release|Any CPU.ActiveCfg = Release|Any CPU
		{B8703E0C-B97A-44C5-8631-23F3F6939342}.Release|Any CPU.Build.0 = Release|Any CPU
		{DFD30F06-6DBB-4A0E-A4B5-E47B8CF24BC1}.Debug|Any CPU.ActiveCfg = Debug|Any CPU
		{DFD30F06-6DBB-4A0E-A4B5-E47B8CF24BC1}.Debug|Any CPU.Build.0 = Debug|Any CPU
		{DFD30F06-6DBB-4A0E-A4B5-E47B8CF24BC1}.Release|Any CPU.ActiveCfg = Release|Any CPU
		{DFD30F06-6DBB-4A0E-A4B5-E47B8CF24BC1}.Release|Any CPU.Build.0 = Release|Any CPU
		{8F55D4AC-9ACC-45BB-9C86-D78133445704}.Debug|Any CPU.ActiveCfg = Debug|Any CPU
		{8F55D4AC-9ACC-45BB-9C86-D78133445704}.Debug|Any CPU.Build.0 = Debug|Any CPU
		{8F55D4AC-9ACC-45BB-9C86-D78133445704}.Release|Any CPU.ActiveCfg = Release|Any CPU
		{8F55D4AC-9ACC-45BB-9C86-D78133445704}.Release|Any CPU.Build.0 = Release|Any CPU
	EndGlobalSection
	GlobalSection(SolutionProperties) = preSolution
		HideSolutionNode = FALSE
	EndGlobalSection
EndGlobal
